
Microsoft Visual Studio Solution File, Format Version 12.00
# Visual Studio Version 17
VisualStudioVersion = 17.5.33516.290
MinimumVisualStudioVersion = 10.0.40219.1
Project("{FAE04EC0-301F-11D3-BF4B-00C04F79EFBC}") = "host", "host\host.csproj", "{6EF0CDB9-A21C-4F5F-B7AC-C5852C514DFD}"
EndProject
Project("{9A19103F-16F7-4668-BE54-9A1E7A4F7556}") = "lib.http", "lib.http\lib.http.csproj", "{F79E08EB-02B6-45F9-83D6-D69B4EA75ED7}"
EndProject
Global
	GlobalSection(SolutionConfigurationPlatforms) = preSolution
		Debug|Any CPU = Debug|Any CPU
		Release|Any CPU = Release|Any CPU
	EndGlobalSection
	GlobalSection(ProjectConfigurationPlatforms) = postSolution
		{6EF0CDB9-A21C-4F5F-B7AC-C5852C514DFD}.Debug|Any CPU.ActiveCfg = Debug|Any CPU
		{6EF0CDB9-A21C-4F5F-B7AC-C5852C514DFD}.Debug|Any CPU.Build.0 = Debug|Any CPU
		{6EF0CDB9-A21C-4F5F-B7AC-C5852C514DFD}.Release|Any CPU.ActiveCfg = Release|Any CPU
		{6EF0CDB9-A21C-4F5F-B7AC-C5852C514DFD}.Release|Any CPU.Build.0 = Release|Any CPU
		{F79E08EB-02B6-45F9-83D6-D69B4EA75ED7}.Debug|Any CPU.ActiveCfg = Debug|Any CPU
		{F79E08EB-02B6-45F9-83D6-D69B4EA75ED7}.Debug|Any CPU.Build.0 = Debug|Any CPU
		{F79E08EB-02B6-45F9-83D6-D69B4EA75ED7}.Release|Any CPU.ActiveCfg = Release|Any CPU
		{F79E08EB-02B6-45F9-83D6-D69B4EA75ED7}.Release|Any CPU.Build.0 = Release|Any CPU
	EndGlobalSection
	GlobalSection(SolutionProperties) = preSolution
		HideSolutionNode = FALSE
	EndGlobalSection
	GlobalSection(ExtensibilityGlobals) = postSolution
		SolutionGuid = {047BE8A0-47F2-4A7A-919D-7737BCF7CBBA}
	EndGlobalSection
EndGlobal
